
Microsoft Visual Studio Solution File, Format Version 12.00
Project("{FAE04EC0-301F-11D3-BF4B-00C04F79EFBC}") = "symbolstrip", "symbolstrip\symbolstrip.csproj", "{83383278-1FAF-4AA3-8948-00C5F662D946}"
EndProject
Project("{FAE04EC0-301F-11D3-BF4B-00C04F79EFBC}") = "Mono.Cecil", "repos\cecil\Mono.Cecil.csproj", "{D68133BD-1E63-496E-9EDE-4FBDBF77B486}"
EndProject
Project("{FAE04EC0-301F-11D3-BF4B-00C04F79EFBC}") = "Mono.Cecil.Pdb", "repos\cecil\symbols\pdb\Mono.Cecil.Pdb.csproj", "{63E6915C-7EA4-4D76-AB28-0D7191EEA626}"
EndProject
Project("{FAE04EC0-301F-11D3-BF4B-00C04F79EFBC}") = "Mono.Cecil.Mdb", "repos\cecil\symbols\mdb\Mono.Cecil.Mdb.csproj", "{8559DD7F-A16F-46D0-A05A-9139FAEBA8FD}"
EndProject
Global
	GlobalSection(SolutionConfigurationPlatforms) = preSolution
		Debug|Any CPU = Debug|Any CPU
		Release|Any CPU = Release|Any CPU
	EndGlobalSection
	GlobalSection(ProjectConfigurationPlatforms) = postSolution
		{83383278-1FAF-4AA3-8948-00C5F662D946}.Debug|Any CPU.ActiveCfg = Debug|Any CPU
		{83383278-1FAF-4AA3-8948-00C5F662D946}.Debug|Any CPU.Build.0 = Debug|Any CPU
		{83383278-1FAF-4AA3-8948-00C5F662D946}.Release|Any CPU.ActiveCfg = Release|Any CPU
		{83383278-1FAF-4AA3-8948-00C5F662D946}.Release|Any CPU.Build.0 = Release|Any CPU
		{D68133BD-1E63-496E-9EDE-4FBDBF77B486}.Debug|Any CPU.ActiveCfg = net_4_0_Debug|Any CPU
		{D68133BD-1E63-496E-9EDE-4FBDBF77B486}.Debug|Any CPU.Build.0 = net_4_0_Debug|Any CPU
		{63E6915C-7EA4-4D76-AB28-0D7191EEA626}.Debug|Any CPU.ActiveCfg = net_4_0_Debug|Any CPU
		{63E6915C-7EA4-4D76-AB28-0D7191EEA626}.Debug|Any CPU.Build.0 = net_4_0_Debug|Any CPU
		{8559DD7F-A16F-46D0-A05A-9139FAEBA8FD}.Debug|Any CPU.ActiveCfg = net_4_0_Debug|Any CPU
		{8559DD7F-A16F-46D0-A05A-9139FAEBA8FD}.Debug|Any CPU.Build.0 = net_4_0_Debug|Any CPU
	EndGlobalSection
EndGlobal
